speakeasyVersion: 1.725.0
sources:
    market-api:
        sourceNamespace: market-api
        sourceRevisionDigest: sha256:66189625a2a2cf2add39165cb76cbd9659fd73d632e4ebfb4595a9ce855df750
        sourceBlobDigest: sha256:84fca19e32540f9b86056d752a3c50c9528f9e9f036ea8d7395ce7db9d850990
        tags:
            - latest
            - 0.1.0
targets:
    sfc:
        source: market-api
        sourceNamespace: market-api
        sourceRevisionDigest: sha256:66189625a2a2cf2add39165cb76cbd9659fd73d632e4ebfb4595a9ce855df750
        sourceBlobDigest: sha256:84fca19e32540f9b86056d752a3c50c9528f9e9f036ea8d7395ce7db9d850990
        codeSamplesNamespace: market-api-typescript-code-samples
        codeSamplesRevisionDigest: sha256:68b7bd0c3cc39d58a3fb300b3994a2391e10c82481010e8bc06c68e60f341c3e
workflow:
    workflowVersion: 1.0.0
    speakeasyVersion: latest
    sources:
        market-api:
            inputs:
                - location: blueprint/current/openapi.json
            overlays:
                - location: .speakeasy/speakeasy-modifications-overlay.yaml
            output: .speakeasy/out.openapi.yaml
            registry:
                location: registry.speakeasyapi.dev/the-san-francisco-compute-company/v2/market-api
    targets:
        sfc:
            target: typescript
            source: market-api
            publish:
                npm:
                    token: $npm_token
            codeSamples:
                registry:
                    location: registry.speakeasyapi.dev/the-san-francisco-compute-company/v2/market-api-typescript-code-samples
                labelOverride:
                    fixedValue: Typescript (SDK)
                blocking: false
