speakeasyVersion: 1.728.0
sources:
    market-api:
        sourceNamespace: market-api
        sourceRevisionDigest: sha256:759041c9b07cf4b4cf1a3b369882d134aefef2923efa36259c1e4affdfda1825
        sourceBlobDigest: sha256:873fe32c44d5c9eedc9f38604fe635fabb11235d18c83ac32ef69291e8b13315
        tags:
            - latest
            - 0.1.0
targets:
    sfc:
        source: market-api
        sourceNamespace: market-api
        sourceRevisionDigest: sha256:759041c9b07cf4b4cf1a3b369882d134aefef2923efa36259c1e4affdfda1825
        sourceBlobDigest: sha256:873fe32c44d5c9eedc9f38604fe635fabb11235d18c83ac32ef69291e8b13315
        codeSamplesNamespace: market-api-typescript-code-samples
        codeSamplesRevisionDigest: sha256:1e3872a39d4d297a36b81f49b3b569a0f6b806b14a87a4b1c457295e62ea9461
workflow:
    workflowVersion: 1.0.0
    speakeasyVersion: latest
    sources:
        market-api:
            inputs:
                - location: blueprint/current/openapi.json
            overlays:
                - location: .speakeasy/speakeasy-modifications-overlay.yaml
            output: .speakeasy/out.openapi.yaml
            registry:
                location: registry.speakeasyapi.dev/the-san-francisco-compute-company/v2/market-api
    targets:
        sfc:
            target: typescript
            source: market-api
            publish:
                npm:
                    token: $npm_token
            codeSamples:
                registry:
                    location: registry.speakeasyapi.dev/the-san-francisco-compute-company/v2/market-api-typescript-code-samples
                labelOverride:
                    fixedValue: Typescript (SDK)
                blocking: false
